// !$*UTF8*$!
{
	archiveVersion = 1;
	classes = {
	};
	objectVersion = 55;
	objects = {

/* Begin PBXBuildFile section */
		FC205D9927EDF3A800F4CE6F /* AppDelegate.swift in Sources */ = {isa = PBXBuildFile; fileRef = FC205D9827EDF3A800F4CE6F /* AppDelegate.swift */; };
		FC205D9B27EDF3A800F4CE6F /* SceneDelegate.swift in Sources */ = {isa = PBXBuildFile; fileRef = FC205D9A27EDF3A800F4CE6F /* SceneDelegate.swift */; };
		FC205D9D27EDF3A800F4CE6F /* MainViewController.swift in Sources */ = {isa = PBXBuildFile; fileRef = FC205D9C27EDF3A800F4CE6F /* MainViewController.swift */; };
		FC205DA027EDF3A800F4CE6F /* Main.storyboard in Resources */ = {isa = PBXBuildFile; fileRef = FC205D9E27EDF3A800F4CE6F /* Main.storyboard */; };
		FC205DA227EDF3AB00F4CE6F /* Assets.xcassets in Resources */ = {isa = PBXBuildFile; fileRef = FC205DA127EDF3AB00F4CE6F /* Assets.xcassets */; };
		FC205DA527EDF3AB00F4CE6F /* LaunchScreen.storyboard in Resources */ = {isa = PBXBuildFile; fileRef = FC205DA327EDF3AB00F4CE6F /* LaunchScreen.storyboard */; };
		FC205DAF27EDF59F00F4CE6F /* Note.swift in Sources */ = {isa = PBXBuildFile; fileRef = FC205DAE27EDF59F00F4CE6F /* Note.swift */; };
		FC205DB527F19E8B00F4CE6F /* StorageManager.swift in Sources */ = {isa = PBXBuildFile; fileRef = FC205DB427F19E8B00F4CE6F /* StorageManager.swift */; };
/* End PBXBuildFile section */

/* Begin PBXFileReference section */
		FC205D9527EDF3A800F4CE6F /* NoteApp.app */ = {isa = PBXFileReference; explicitFileType = wrapper.application; includeInIndex = 0; path = NoteApp.app; sourceTree = BUILT_PRODUCTS_DIR; };
		FC205D9827EDF3A800F4CE6F /* AppDelegate.swift */ = {isa = PBXFileReference; lastKnownFileType = sourcecode.swift; path = AppDelegate.swift; sourceTree = "<group>"; };
		FC205D9A27EDF3A800F4CE6F /* SceneDelegate.swift */ = {isa = PBXFileReference; lastKnownFileType = sourcecode.swift; path = SceneDelegate.swift; sourceTree = "<group>"; };
		FC205D9C27EDF3A800F4CE6F /* MainViewController.swift */ = {isa = PBXFileReference; lastKnownFileType = sourcecode.swift; path = MainViewController.swift; sourceTree = "<group>"; };
		FC205D9F27EDF3A800F4CE6F /* Base */ = {isa = PBXFileReference; lastKnownFileType = file.storyboard; name = Base; path = Base.lproj/Main.storyboard; sourceTree = "<group>"; };
		FC205DA127EDF3AB00F4CE6F /* Assets.xcassets */ = {isa = PBXFileReference; lastKnownFileType = folder.assetcatalog; path = Assets.xcassets; sourceTree = "<group>"; };
		FC205DA427EDF3AB00F4CE6F /* Base */ = {isa = PBXFileReference; lastKnownFileType = file.storyboard; name = Base; path = Base.lproj/LaunchScreen.storyboard; sourceTree = "<group>"; };
		FC205DA627EDF3AB00F4CE6F /* Info.plist */ = {isa = PBXFileReference; lastKnownFileType = text.plist.xml; path = Info.plist; sourceTree = "<group>"; };
		FC205DAE27EDF59F00F4CE6F /* Note.swift */ = {isa = PBXFileReference; lastKnownFileType = sourcecode.swift; path = Note.swift; sourceTree = "<group>"; };
		FC205DB427F19E8B00F4CE6F /* StorageManager.swift */ = {isa = PBXFileReference; lastKnownFileType = sourcecode.swift; path = StorageManager.swift; sourceTree = "<group>"; };
/* End PBXFileReference section */

/* Begin PBXFrameworksBuildPhase section */
		FC205D9227EDF3A800F4CE6F /* Frameworks */ = {
			isa = PBXFrameworksBuildPhase;
			buildActionMask = 2147483647;
			files = (
			);
			runOnlyForDeploymentPostprocessing = 0;
		};
/* End PBXFrameworksBuildPhase section */

/* Begin PBXGroup section */
		FC205D8C27EDF3A800F4CE6F = {
			isa = PBXGroup;
			children = (
				FC205D9727EDF3A800F4CE6F /* NoteApp */,
				FC205D9627EDF3A800F4CE6F /* Products */,
			);
			sourceTree = "<group>";
		};
		FC205D9627EDF3A800F4CE6F /* Products */ = {
			isa = PBXGroup;
			children = (
				FC205D9527EDF3A800F4CE6F /* NoteApp.app */,
			);
			name = Products;
			sourceTree = "<group>";
		};
		FC205D9727EDF3A800F4CE6F /* NoteApp */ = {
			isa = PBXGroup;
			children = (
				FC205DAD27EDF58700F4CE6F /* Models */,
				FC205DAC27EDF56400F4CE6F /* ViewControllers */,
				FC205DB227EDFBF300F4CE6F /* Source */,
				FC205DB327F19E6000F4CE6F /* Services */,
				FC205DB027EDF69900F4CE6F /* StoryBoards */,
				FC205DB127EDFBC500F4CE6F /* SupportingFiles */,
			);
			path = NoteApp;
			sourceTree = "<group>";
		};
		FC205DAC27EDF56400F4CE6F /* ViewControllers */ = {
			isa = PBXGroup;
			children = (
				FC205D9C27EDF3A800F4CE6F /* MainViewController.swift */,
			);
			path = ViewControllers;
			sourceTree = "<group>";
		};
		FC205DAD27EDF58700F4CE6F /* Models */ = {
			isa = PBXGroup;
			children = (
				FC205DAE27EDF59F00F4CE6F /* Note.swift */,
			);
			path = Models;
			sourceTree = "<group>";
		};
		FC205DB027EDF69900F4CE6F /* StoryBoards */ = {
			isa = PBXGroup;
			children = (
				FC205D9E27EDF3A800F4CE6F /* Main.storyboard */,
				FC205DA327EDF3AB00F4CE6F /* LaunchScreen.storyboard */,
			);
			path = StoryBoards;
			sourceTree = "<group>";
		};
		FC205DB127EDFBC500F4CE6F /* SupportingFiles */ = {
			isa = PBXGroup;
			children = (
				FC205D9827EDF3A800F4CE6F /* AppDelegate.swift */,
				FC205D9A27EDF3A800F4CE6F /* SceneDelegate.swift */,
				FC205DA627EDF3AB00F4CE6F /* Info.plist */,
			);
			path = SupportingFiles;
			sourceTree = "<group>";
		};
		FC205DB227EDFBF300F4CE6F /* Source */ = {
			isa = PBXGroup;
			children = (
				FC205DA127EDF3AB00F4CE6F /* Assets.xcassets */,
			);
			path = Source;
			sourceTree = "<group>";
		};
		FC205DB327F19E6000F4CE6F /* Services */ = {
			isa = PBXGroup;
			children = (
				FC205DB427F19E8B00F4CE6F /* StorageManager.swift */,
			);
			path = Services;
			sourceTree = "<group>";
		};
/* End PBXGroup section */

/* Begin PBXNativeTarget section */
		FC205D9427EDF3A800F4CE6F /* NoteApp */ = {
			isa = PBXNativeTarget;
			buildConfigurationList = FC205DA927EDF3AB00F4CE6F /* Build configuration list for PBXNativeTarget "NoteApp" */;
			buildPhases = (
				FC205D9127EDF3A800F4CE6F /* Sources */,
				FC205D9227EDF3A800F4CE6F /* Frameworks */,
				FC205D9327EDF3A800F4CE6F /* Resources */,
			);
			buildRules = (
			);
			dependencies = (
			);
			name = NoteApp;
			productName = NoteApp;
			productReference = FC205D9527EDF3A800F4CE6F /* NoteApp.app */;
			productType = "com.apple.product-type.application";
		};
/* End PBXNativeTarget section */

/* Begin PBXProject section */
		FC205D8D27EDF3A800F4CE6F /* Project object */ = {
			isa = PBXProject;
			attributes = {
				BuildIndependentTargetsInParallel = 1;
				LastSwiftUpdateCheck = 1310;
				LastUpgradeCheck = 1310;
				TargetAttributes = {
					FC205D9427EDF3A800F4CE6F = {
						CreatedOnToolsVersion = 13.1;
					};
				};
			};
			buildConfigurationList = FC205D9027EDF3A800F4CE6F /* Build configuration list for PBXProject "NoteApp" */;
			compatibilityVersion = "Xcode 13.0";
			developmentRegion = en;
			hasScannedForEncodings = 0;
			knownRegions = (
				en,
				Base,
			);
			mainGroup = FC205D8C27EDF3A800F4CE6F;
			productRefGroup = FC205D9627EDF3A800F4CE6F /* Products */;
			projectDirPath = "";
			projectRoot = "";
			targets = (
				FC205D9427EDF3A800F4CE6F /* NoteApp */,
			);
		};
/* End PBXProject section */

/* Begin PBXResourcesBuildPhase section */
		FC205D9327EDF3A800F4CE6F /* Resources */ = {
			isa = PBXResourcesBuildPhase;
			buildActionMask = 2147483647;
			files = (
				FC205DA527EDF3AB00F4CE6F /* LaunchScreen.storyboard in Resources */,
				FC205DA227EDF3AB00F4CE6F /* Assets.xcassets in Resources */,
				FC205DA027EDF3A800F4CE6F /* Main.storyboard in Resources */,
			);
			runOnlyForDeploymentPostprocessing = 0;
		};
/* End PBXResourcesBuildPhase section */

/* Begin PBXSourcesBuildPhase section */
		FC205D9127EDF3A800F4CE6F /* Sources */ = {
			isa = PBXSourcesBuildPhase;
			buildActionMask = 2147483647;
			files = (
				FC205D9D27EDF3A800F4CE6F /* MainViewController.swift in Sources */,
				FC205D9927EDF3A800F4CE6F /* AppDelegate.swift in Sources */,
				FC205DB527F19E8B00F4CE6F /* StorageManager.swift in Sources */,
				FC205D9B27EDF3A800F4CE6F /* SceneDelegate.swift in Sources */,
				FC205DAF27EDF59F00F4CE6F /* Note.swift in Sources */,
			);
			runOnlyForDeploymentPostprocessing = 0;
		};
/* End PBXSourcesBuildPhase section */

/* Begin PBXVariantGroup section */
		FC205D9E27EDF3A800F4CE6F /* Main.storyboard */ = {
			isa = PBXVariantGroup;
			children = (
				FC205D9F27EDF3A800F4CE6F /* Base */,
			);
			name = Main.storyboard;
			sourceTree = "<group>";
		};
		FC205DA327EDF3AB00F4CE6F /* LaunchScreen.storyboard */ = {
			isa = PBXVariantGroup;
			children = (
				FC205DA427EDF3AB00F4CE6F /* Base */,
			);
			name = LaunchScreen.storyboard;
			sourceTree = "<group>";
		};
/* End PBXVariantGroup section */

/* Begin XCBuildConfiguration section */
		FC205DA727EDF3AB00F4CE6F /* Debug */ = {
			isa = XCBuildConfiguration;
			buildSettings = {
				ALWAYS_SEARCH_USER_PATHS = NO;
				CLANG_ANALYZER_NONNULL = YES;
				CLANG_ANALYZER_NUMBER_OBJECT_CONVERSION = YES_AGGRESSIVE;
				CLANG_CXX_LANGUAGE_STANDARD = "gnu++17";
				CLANG_CXX_LIBRARY = "libc++";
				CLANG_ENABLE_MODULES = YES;
				CLANG_ENABLE_OBJC_ARC = YES;
				CLANG_ENABLE_OBJC_WEAK = YES;
				CLANG_WARN_BLOCK_CAPTURE_AUTORELEASING = YES;
				CLANG_WARN_BOOL_CONVERSION = YES;
				CLANG_WARN_COMMA = YES;
				CLANG_WARN_CONSTANT_CONVERSION = YES;
				CLANG_WARN_DEPRECATED_OBJC_IMPLEMENTATIONS = YES;
				CLANG_WARN_DIRECT_OBJC_ISA_USAGE = YES_ERROR;
				CLANG_WARN_DOCUMENTATION_COMMENTS = YES;
				CLANG_WARN_EMPTY_BODY = YES;
				CLANG_WARN_ENUM_CONVERSION = YES;
				CLANG_WARN_INFINITE_RECURSION = YES;
				CLANG_WARN_INT_CONVERSION = YES;
				CLANG_WARN_NON_LITERAL_NULL_CONVERSION = YES;
				CLANG_WARN_OBJC_IMPLICIT_RETAIN_SELF = YES;
				CLANG_WARN_OBJC_LITERAL_CONVERSION = YES;
				CLANG_WARN_OBJC_ROOT_CLASS = YES_ERROR;
				CLANG_WARN_QUOTED_INCLUDE_IN_FRAMEWORK_HEADER = YES;
				CLANG_WARN_RANGE_LOOP_ANALYSIS = YES;
				CLANG_WARN_STRICT_PROTOTYPES = YES;
				CLANG_WARN_SUSPICIOUS_MOVE = YES;
				CLANG_WARN_UNGUARDED_AVAILABILITY = YES_AGGRESSIVE;
				CLANG_WARN_UNREACHABLE_CODE = YES;
				CLANG_WARN__DUPLICATE_METHOD_MATCH = YES;
				COPY_PHASE_STRIP = NO;
				DEBUG_INFORMATION_FORMAT = dwarf;
				ENABLE_STRICT_OBJC_MSGSEND = YES;
				ENABLE_TESTABILITY = YES;
				GCC_C_LANGUAGE_STANDARD = gnu11;
				GCC_DYNAMIC_NO_PIC = NO;
				GCC_NO_COMMON_BLOCKS = YES;
				GCC_OPTIMIZATION_LEVEL = 0;
				GCC_PREPROCESSOR_DEFINITIONS = (
					"DEBUG=1",
					"$(inherited)",
				);
				GCC_WARN_64_TO_32_BIT_CONVERSION = YES;
				GCC_WARN_ABOUT_RETURN_TYPE = YES_ERROR;
				GCC_WARN_UNDECLARED_SELECTOR = YES;
				GCC_WARN_UNINITIALIZED_AUTOS = YES_AGGRESSIVE;
				GCC_WARN_UNUSED_FUNCTION = YES;
				GCC_WARN_UNUSED_VARIABLE = YES;
				IPHONEOS_DEPLOYMENT_TARGET = 15.0;
				MTL_ENABLE_DEBUG_INFO = INCLUDE_SOURCE;
				MTL_FAST_MATH = YES;
				ONLY_ACTIVE_ARCH = YES;
				SDKROOT = iphoneos;
				SWIFT_ACTIVE_COMPILATION_CONDITIONS = DEBUG;
				SWIFT_OPTIMIZATION_LEVEL = "-Onone";
			};
			name = Debug;
		};
		FC205DA827EDF3AB00F4CE6F /* Release */ = {
			isa = XCBuildConfiguration;
			buildSettings = {
				ALWAYS_SEARCH_USER_PATHS = NO;
				CLANG_ANALYZER_NONNULL = YES;
				CLANG_ANALYZER_NUMBER_OBJECT_CONVERSION = YES_AGGRESSIVE;
				CLANG_CXX_LANGUAGE_STANDARD = "gnu++17";
				CLANG_CXX_LIBRARY = "libc++";
				CLANG_ENABLE_MODULES = YES;
				CLANG_ENABLE_OBJC_ARC = YES;
				CLANG_ENABLE_OBJC_WEAK = YES;
				CLANG_WARN_BLOCK_CAPTURE_AUTORELEASING = YES;
				CLANG_WARN_BOOL_CONVERSION = YES;
				CLANG_WARN_COMMA = YES;
				CLANG_WARN_CONSTANT_CONVERSION = YES;
				CLANG_WARN_DEPRECATED_OBJC_IMPLEMENTATIONS = YES;
				CLANG_WARN_DIRECT_OBJC_ISA_USAGE = YES_ERROR;
				CLANG_WARN_DOCUMENTATION_COMMENTS = YES;
				CLANG_WARN_EMPTY_BODY = YES;
				CLANG_WARN_ENUM_CONVERSION = YES;
				CLANG_WARN_INFINITE_RECURSION = YES;
				CLANG_WARN_INT_CONVERSION = YES;
				CLANG_WARN_NON_LITERAL_NULL_CONVERSION = YES;
				CLANG_WARN_OBJC_IMPLICIT_RETAIN_SELF = YES;
				CLANG_WARN_OBJC_LITERAL_CONVERSION = YES;
				CLANG_WARN_OBJC_ROOT_CLASS = YES_ERROR;
				CLANG_WARN_QUOTED_INCLUDE_IN_FRAMEWORK_HEADER = YES;
				CLANG_WARN_RANGE_LOOP_ANALYSIS = YES;
				CLANG_WARN_STRICT_PROTOTYPES = YES;
				CLANG_WARN_SUSPICIOUS_MOVE = YES;
				CLANG_WARN_UNGUARDED_AVAILABILITY = YES_AGGRESSIVE;
				CLANG_WARN_UNREACHABLE_CODE = YES;
				CLANG_WARN__DUPLICATE_METHOD_MATCH = YES;
				COPY_PHASE_STRIP = NO;
				DEBUG_INFORMATION_FORMAT = "dwarf-with-dsym";
				ENABLE_NS_ASSERTIONS = NO;
				ENABLE_STRICT_OBJC_MSGSEND = YES;
				GCC_C_LANGUAGE_STANDARD = gnu11;
				GCC_NO_COMMON_BLOCKS = YES;
				GCC_WARN_64_TO_32_BIT_CONVERSION = YES;
				GCC_WARN_ABOUT_RETURN_TYPE = YES_ERROR;
				GCC_WARN_UNDECLARED_SELECTOR = YES;
				GCC_WARN_UNINITIALIZED_AUTOS = YES_AGGRESSIVE;
				GCC_WARN_UNUSED_FUNCTION = YES;
				GCC_WARN_UNUSED_VARIABLE = YES;
				IPHONEOS_DEPLOYMENT_TARGET = 15.0;
				MTL_ENABLE_DEBUG_INFO = NO;
				MTL_FAST_MATH = YES;
				SDKROOT = iphoneos;
				SWIFT_COMPILATION_MODE = wholemodule;
				SWIFT_OPTIMIZATION_LEVEL = "-O";
				VALIDATE_PRODUCT = YES;
			};
			name = Release;
		};
		FC205DAA27EDF3AB00F4CE6F /* Debug */ = {
			isa = XCBuildConfiguration;
			buildSettings = {
				ASSETCATALOG_COMPILER_APPICON_NAME = AppIcon;
				ASSETCATALOG_COMPILER_GLOBAL_ACCENT_COLOR_NAME = AccentColor;
				CODE_SIGN_STYLE = Automatic;
				CURRENT_PROJECT_VERSION = 1;
				DEVELOPMENT_TEAM = TY4Z5A4HHN;
				GENERATE_INFOPLIST_FILE = YES;
				INFOPLIST_FILE = NoteApp/SupportingFiles/Info.plist;
				INFOPLIST_KEY_UIApplicationSupportsIndirectInputEvents = YES;
				INFOPLIST_KEY_UILaunchStoryboardName = LaunchScreen;
				INFOPLIST_KEY_UIMainStoryboardFile = Main;
				INFOPLIST_KEY_UISupportedInterfaceOrientations_iPad = "UIInterfaceOrientationPortrait UIInterfaceOrientationPortraitUpsideDown UIInterfaceOrientationLandscapeLeft UIInterfaceOrientationLandscapeRight";
				INFOPLIST_KEY_UISupportedInterfaceOrientations_iPhone = "UIInterfaceOrientationPortrait UIInterfaceOrientationLandscapeLeft UIInterfaceOrientationLandscapeRight";
				LD_RUNPATH_SEARCH_PATHS = (
					"$(inherited)",
					"@executable_path/Frameworks",
				);
				MARKETING_VERSION = 1.0;
				PRODUCT_BUNDLE_IDENTIFIER = asbul.NoteApp;
				PRODUCT_NAME = "$(TARGET_NAME)";
				SWIFT_EMIT_LOC_STRINGS = YES;
				SWIFT_VERSION = 5.0;
				TARGETED_DEVICE_FAMILY = 1;
			};
			name = Debug;
		};
		FC205DAB27EDF3AB00F4CE6F /* Release */ = {
			isa = XCBuildConfiguration;
			buildSettings = {
				ASSETCATALOG_COMPILER_APPICON_NAME = AppIcon;
				ASSETCATALOG_COMPILER_GLOBAL_ACCENT_COLOR_NAME = AccentColor;
				CODE_SIGN_STYLE = Automatic;
				CURRENT_PROJECT_VERSION = 1;
				DEVELOPMENT_TEAM = TY4Z5A4HHN;
				GENERATE_INFOPLIST_FILE = YES;
				INFOPLIST_FILE = NoteApp/SupportingFiles/Info.plist;
				INFOPLIST_KEY_UIApplicationSupportsIndirectInputEvents = YES;
				INFOPLIST_KEY_UILaunchStoryboardName = LaunchScreen;
				INFOPLIST_KEY_UIMainStoryboardFile = Main;
				INFOPLIST_KEY_UISupportedInterfaceOrientations_iPad = "UIInterfaceOrientationPortrait UIInterfaceOrientationPortraitUpsideDown UIInterfaceOrientationLandscapeLeft UIInterfaceOrientationLandscapeRight";
				INFOPLIST_KEY_UISupportedInterfaceOrientations_iPhone = "UIInterfaceOrientationPortrait UIInterfaceOrientationLandscapeLeft UIInterfaceOrientationLandscapeRight";
				LD_RUNPATH_SEARCH_PATHS = (
					"$(inherited)",
					"@executable_path/Frameworks",
				);
				MARKETING_VERSION = 1.0;
				PRODUCT_BUNDLE_IDENTIFIER = asbul.NoteApp;
				PRODUCT_NAME = "$(TARGET_NAME)";
				SWIFT_EMIT_LOC_STRINGS = YES;
				SWIFT_VERSION = 5.0;
				TARGETED_DEVICE_FAMILY = 1;
			};
			name = Release;
		};
/* End XCBuildConfiguration section */

/* Begin XCConfigurationList section */
		FC205D9027EDF3A800F4CE6F /* Build configuration list for PBXProject "NoteApp" */ = {
			isa = XCConfigurationList;
			buildConfigurations = (
				FC205DA727EDF3AB00F4CE6F /* Debug */,
				FC205DA827EDF3AB00F4CE6F /* Release */,
			);
			defaultConfigurationIsVisible = 0;
			defaultConfigurationName = Release;
		};
		FC205DA927EDF3AB00F4CE6F /* Build configuration list for PBXNativeTarget "NoteApp" */ = {
			isa = XCConfigurationList;
			buildConfigurations = (
				FC205DAA27EDF3AB00F4CE6F /* Debug */,
				FC205DAB27EDF3AB00F4CE6F /* Release */,
			);
			defaultConfigurationIsVisible = 0;
			defaultConfigurationName = Release;
		};
/* End XCConfigurationList section */
	};
	rootObject = FC205D8D27EDF3A800F4CE6F /* Project object */;
}
